# THIS IS AN AUTOGENERATED FILE. DO NOT EDIT THIS FILE DIRECTLY.
# yarn lockfile v1


echarts@^5.2.2:
  version "5.2.2"
  resolved "https://r.cnpmjs.org/echarts/download/echarts-5.2.2.tgz#ec3c8b2a151cbba71ba3c2c7cf9b2f2047ce4370"
  integrity sha1-7DyLKhUcu6cbo8LHz5svIEfOQ3A=
  dependencies:
    tslib "2.3.0"
    zrender "5.2.1"

tslib@2.3.0:
  version "2.3.0"
  resolved "https://r.cnpmjs.org/tslib/download/tslib-2.3.0.tgz#803b8cdab3e12ba581a4ca41c8839bbb0dacb09e"
  integrity sha1-gDuM2rPhK6WBpMpByIObuw2ssJ4=

zrender@5.2.1:
  version "5.2.1"
  resolved "https://r.cnpmjs.org/zrender/download/zrender-5.2.1.tgz#5f4bbda915ba6d412b0b19dc2431beaad05417bb"
  integrity sha1-X0u9qRW6bUErCxncJDG+qtBUF7s=
  dependencies:
    tslib "2.3.0"
